
Microsoft Visual Studio Solution File, Format Version 12.00
# Visual Studio 14
VisualStudioVersion = 14.0.25123.0
MinimumVisualStudioVersion = 10.0.40219.1
Project("{FAE04EC0-301F-11D3-BF4B-00C04F79EFBC}") = "SSB", "SSB\SSB.csproj", "{B1A5F896-1357-40B0-A571-000B2813B4FF}"
EndProject
Global
	GlobalSection(SolutionConfigurationPlatforms) = preSolution
		Debug|Any CPU = Debug|Any CPU
		Release|Any CPU = Release|Any CPU
	EndGlobalSection
	GlobalSection(ProjectConfigurationPlatforms) = postSolution
		{B1A5F896-1357-40B0-A571-000B2813B4FF}.Debug|Any CPU.ActiveCfg = Debug|Any CPU
		{B1A5F896-1357-40B0-A571-000B2813B4FF}.Debug|Any CPU.Build.0 = Debug|Any CPU
		{B1A5F896-1357-40B0-A571-000B2813B4FF}.Release|Any CPU.ActiveCfg = Release|Any CPU
		{B1A5F896-1357-40B0-A571-000B2813B4FF}.Release|Any CPU.Build.0 = Release|Any CPU
	EndGlobalSection
	GlobalSection(SolutionProperties) = preSolution
		HideSolutionNode = FALSE
	EndGlobalSection
EndGlobal
